
Microsoft Visual Studio Solution File, Format Version 12.00
# Visual Studio Version 16
VisualStudioVersion = 16.0.30503.244
MinimumVisualStudioVersion = 10.0.40219.1
Project("{FAE04EC0-301F-11D3-BF4B-00C04F79EFBC}") = "DatabaseMaster2", "DatabaseMaster2\DatabaseMaster2.csproj", "{604DF339-3E98-42C4-8040-41677DF56DC3}"
EndProject
Project("{FAE04EC0-301F-11D3-BF4B-00C04F79EFBC}") = "DatabaseTest", "DatabaseTest\DatabaseTest.csproj", "{39B85367-B995-4CAC-9170-ED85D6C4324E}"
EndProject
Global
	GlobalSection(SolutionConfigurationPlatforms) = preSolution
		Debug|Any CPU = Debug|Any CPU
		Release|Any CPU = Release|Any CPU
	EndGlobalSection
	GlobalSection(ProjectConfigurationPlatforms) = postSolution
		{604DF339-3E98-42C4-8040-41677DF56DC3}.Debug|Any CPU.ActiveCfg = Debug|Any CPU
		{604DF339-3E98-42C4-8040-41677DF56DC3}.Debug|Any CPU.Build.0 = Debug|Any CPU
		{604DF339-3E98-42C4-8040-41677DF56DC3}.Release|Any CPU.ActiveCfg = Release|Any CPU
		{604DF339-3E98-42C4-8040-41677DF56DC3}.Release|Any CPU.Build.0 = Release|Any CPU
		{39B85367-B995-4CAC-9170-ED85D6C4324E}.Debug|Any CPU.ActiveCfg = Debug|Any CPU
		{39B85367-B995-4CAC-9170-ED85D6C4324E}.Debug|Any CPU.Build.0 = Debug|Any CPU
		{39B85367-B995-4CAC-9170-ED85D6C4324E}.Release|Any CPU.ActiveCfg = Release|Any CPU
		{39B85367-B995-4CAC-9170-ED85D6C4324E}.Release|Any CPU.Build.0 = Release|Any CPU
	EndGlobalSection
	GlobalSection(SolutionProperties) = preSolution
		HideSolutionNode = FALSE
	EndGlobalSection
	GlobalSection(ExtensibilityGlobals) = postSolution
		SolutionGuid = {C5141254-8411-489F-B376-16D6E4AADB5E}
	EndGlobalSection
EndGlobal
